PODS:
  - iCarousel (1.8.3)
  - pop (1.0.9)
  - RCPageControl (0.1.1):
    - pop

DEPENDENCIES:
  - iCarousel
  - pop
  - RCPageControl (from `../`)

EXTERNAL SOURCES:
  RCPageControl:
    :path: "../"

SPEC CHECKSUMS:
  iCarousel: d782f635afac190c49bb8ee455882284cff8b85f
  pop: f667631a5108a2e60d9e8797c9b32ddaf2080bce
  RCPageControl: d7f6a8f5e1f9ca9a8ed7dbe32b5c266cf2844070

PODFILE CHECKSUM: c62f9b6c34838729688c4cae98fb0c0a78af925c

COCOAPODS: 1.2.1
