PODS:
  - iCarousel (1.8.2)
  - pop (1.0.8)
  - RCPageControl (0.1.1):
    - pop

DEPENDENCIES:
  - iCarousel
  - pop
  - RCPageControl (from `../`)

EXTERNAL SOURCES:
  RCPageControl:
    :path: ../

SPEC CHECKSUMS:
  iCarousel: 67c8a43da5a46795b56aadfc96cd36a16f6149b2
  pop: bb773ae2c791ca2629de13b347e7a8b450fa6a57
  RCPageControl: d7f6a8f5e1f9ca9a8ed7dbe32b5c266cf2844070

COCOAPODS: 0.39.0
